
Microsoft Visual Studio Solution File, Format Version 12.00
# Visual Studio 14
VisualStudioVersion = 14.0.25420.1
MinimumVisualStudioVersion = 10.0.40219.1
Project("{FAE04EC0-301F-11D3-BF4B-00C04F79EFBC}") = "MathCarRaceUWP", "MathCarRaceUWP.csproj", "{59A61548-4FEC-4C9D-A0DA-A887B5BC57F4}"
EndProject
Project("{FAE04EC0-301F-11D3-BF4B-00C04F79EFBC}") = "MathCarRaceUWPTest", "..\MathCarRaceUWPTest\MathCarRaceUWPTest.csproj", "{D5CC5D10-F49C-4B96-87BD-8DA05D82058F}"
	ProjectSection(ProjectDependencies) = postProject
		{59A61548-4FEC-4C9D-A0DA-A887B5BC57F4} = {59A61548-4FEC-4C9D-A0DA-A887B5BC57F4}
	EndProjectSection
EndProject
Global
	GlobalSection(SolutionConfigurationPlatforms) = preSolution
		Debug|Any CPU = Debug|Any CPU
		Debug|ARM = Debug|ARM
		Debug|x64 = Debug|x64
		Debug|x86 = Debug|x86
		Release|Any CPU = Release|Any CPU
		Release|ARM = Release|ARM
		Release|x64 = Release|x64
		Release|x86 = Release|x86
	EndGlobalSection
	GlobalSection(ProjectConfigurationPlatforms) = postSolution
		{59A61548-4FEC-4C9D-A0DA-A887B5BC57F4}.Debug|Any CPU.ActiveCfg = Debug|x86
		{59A61548-4FEC-4C9D-A0DA-A887B5BC57F4}.Debug|ARM.ActiveCfg = Debug|ARM
		{59A61548-4FEC-4C9D-A0DA-A887B5BC57F4}.Debug|ARM.Build.0 = Debug|ARM
		{59A61548-4FEC-4C9D-A0DA-A887B5BC57F4}.Debug|ARM.Deploy.0 = Debug|ARM
		{59A61548-4FEC-4C9D-A0DA-A887B5BC57F4}.Debug|x64.ActiveCfg = Debug|x64
		{59A61548-4FEC-4C9D-A0DA-A887B5BC57F4}.Debug|x64.Build.0 = Debug|x64
		{59A61548-4FEC-4C9D-A0DA-A887B5BC57F4}.Debug|x64.Deploy.0 = Debug|x64
		{59A61548-4FEC-4C9D-A0DA-A887B5BC57F4}.Debug|x86.ActiveCfg = Debug|x86
		{59A61548-4FEC-4C9D-A0DA-A887B5BC57F4}.Debug|x86.Build.0 = Debug|x86
		{59A61548-4FEC-4C9D-A0DA-A887B5BC57F4}.Debug|x86.Deploy.0 = Debug|x86
		{59A61548-4FEC-4C9D-A0DA-A887B5BC57F4}.Release|Any CPU.ActiveCfg = Release|x86
		{59A61548-4FEC-4C9D-A0DA-A887B5BC57F4}.Release|ARM.ActiveCfg = Release|ARM
		{59A61548-4FEC-4C9D-A0DA-A887B5BC57F4}.Release|ARM.Build.0 = Release|ARM
		{59A61548-4FEC-4C9D-A0DA-A887B5BC57F4}.Release|ARM.Deploy.0 = Release|ARM
		{59A61548-4FEC-4C9D-A0DA-A887B5BC57F4}.Release|x64.ActiveCfg = Release|x64
		{59A61548-4FEC-4C9D-A0DA-A887B5BC57F4}.Release|x64.Build.0 = Release|x64
		{59A61548-4FEC-4C9D-A0DA-A887B5BC57F4}.Release|x64.Deploy.0 = Release|x64
		{59A61548-4FEC-4C9D-A0DA-A887B5BC57F4}.Release|x86.ActiveCfg = Release|x86
		{59A61548-4FEC-4C9D-A0DA-A887B5BC57F4}.Release|x86.Build.0 = Release|x86
		{59A61548-4FEC-4C9D-A0DA-A887B5BC57F4}.Release|x86.Deploy.0 = Release|x86
		{D5CC5D10-F49C-4B96-87BD-8DA05D82058F}.Debug|Any CPU.ActiveCfg = Debug|x86
		{D5CC5D10-F49C-4B96-87BD-8DA05D82058F}.Debug|ARM.ActiveCfg = Debug|ARM
		{D5CC5D10-F49C-4B96-87BD-8DA05D82058F}.Debug|ARM.Build.0 = Debug|ARM
		{D5CC5D10-F49C-4B96-87BD-8DA05D82058F}.Debug|ARM.Deploy.0 = Debug|ARM
		{D5CC5D10-F49C-4B96-87BD-8DA05D82058F}.Debug|x64.ActiveCfg = Debug|x64
		{D5CC5D10-F49C-4B96-87BD-8DA05D82058F}.Debug|x64.Build.0 = Debug|x64
		{D5CC5D10-F49C-4B96-87BD-8DA05D82058F}.Debug|x64.Deploy.0 = Debug|x64
		{D5CC5D10-F49C-4B96-87BD-8DA05D82058F}.Debug|x86.ActiveCfg = Debug|x86
		{D5CC5D10-F49C-4B96-87BD-8DA05D82058F}.Debug|x86.Build.0 = Debug|x86
		{D5CC5D10-F49C-4B96-87BD-8DA05D82058F}.Debug|x86.Deploy.0 = Debug|x86
		{D5CC5D10-F49C-4B96-87BD-8DA05D82058F}.Release|Any CPU.ActiveCfg = Release|x86
		{D5CC5D10-F49C-4B96-87BD-8DA05D82058F}.Release|ARM.ActiveCfg = Release|ARM
		{D5CC5D10-F49C-4B96-87BD-8DA05D82058F}.Release|ARM.Build.0 = Release|ARM
		{D5CC5D10-F49C-4B96-87BD-8DA05D82058F}.Release|ARM.Deploy.0 = Release|ARM
		{D5CC5D10-F49C-4B96-87BD-8DA05D82058F}.Release|x64.ActiveCfg = Release|x64
		{D5CC5D10-F49C-4B96-87BD-8DA05D82058F}.Release|x64.Build.0 = Release|x64
		{D5CC5D10-F49C-4B96-87BD-8DA05D82058F}.Release|x64.Deploy.0 = Release|x64
		{D5CC5D10-F49C-4B96-87BD-8DA05D82058F}.Release|x86.ActiveCfg = Release|x86
		{D5CC5D10-F49C-4B96-87BD-8DA05D82058F}.Release|x86.Build.0 = Release|x86
		{D5CC5D10-F49C-4B96-87BD-8DA05D82058F}.Release|x86.Deploy.0 = Release|x86
	EndGlobalSection
	GlobalSection(SolutionProperties) = preSolution
		HideSolutionNode = FALSE
	EndGlobalSection
EndGlobal
